# THIS IS AN AUTOGENERATED FILE. DO NOT EDIT THIS FILE DIRECTLY.
# yarn lockfile v1


express-async-errors@^3.1.1:
  version "3.1.1"
  resolved "https://registry.yarnpkg.com/express-async-errors/-/express-async-errors-3.1.1.tgz#6053236d61d21ddef4892d6bd1d736889fc9da41"
  integrity sha512-h6aK1da4tpqWSbyCa3FxB/V6Ehd4EEB15zyQq9qe75OZBp0krinNKuH4rAY+S/U/2I36vdLAUFSjQJ+TFmODng==
